
Microsoft Visual Studio Solution File, Format Version 12.00
# Visual Studio 14
VisualStudioVersion = 14.0.24720.0
MinimumVisualStudioVersion = 10.0.40219.1
Project("{FAE04EC0-301F-11D3-BF4B-00C04F79EFBC}") = "XamarinFormsGeocoder.Droid", "XamarinFormsGeocoder\XamarinFormsGeocoder.Droid\XamarinFormsGeocoder.Droid.csproj", "{71182A94-1F38-4BF5-A49D-34A22E138BE5}"
EndProject
Project("{FAE04EC0-301F-11D3-BF4B-00C04F79EFBC}") = "XamarinFormsGeocoder.iOS", "XamarinFormsGeocoder\XamarinFormsGeocoder.iOS\XamarinFormsGeocoder.iOS.csproj", "{7C031828-D53E-44C8-8B71-4F0E708B51D5}"
EndProject
Project("{FAE04EC0-301F-11D3-BF4B-00C04F79EFBC}") = "XamarinFormsGeocoder.WinPhone", "XamarinFormsGeocoder\XamarinFormsGeocoder.WinPhone\XamarinFormsGeocoder.WinPhone.csproj", "{FC9B18F7-2744-4068-8539-19BED85A8598}"
EndProject
Project("{FAE04EC0-301F-11D3-BF4B-00C04F79EFBC}") = "XamarinFormsGeocoder.Windows", "XamarinFormsGeocoder\XamarinFormsGeocoder.Windows\XamarinFormsGeocoder.Windows.csproj", "{9CFE1CE9-7C0A-4C28-A9D2-F3F45F13C6B5}"
EndProject
Project("{FAE04EC0-301F-11D3-BF4B-00C04F79EFBC}") = "XamarinFormsGeocoder", "XamarinFormsGeocoder\XamarinFormsGeocoder\XamarinFormsGeocoder.csproj", "{BD4DF5B0-9FBA-447C-80AB-E333915046D1}"
EndProject
Global
	GlobalSection(SolutionConfigurationPlatforms) = preSolution
		Ad-Hoc|Any CPU = Ad-Hoc|Any CPU
		Ad-Hoc|ARM = Ad-Hoc|ARM
		Ad-Hoc|iPhone = Ad-Hoc|iPhone
		Ad-Hoc|iPhoneSimulator = Ad-Hoc|iPhoneSimulator
		Ad-Hoc|x64 = Ad-Hoc|x64
		Ad-Hoc|x86 = Ad-Hoc|x86
		AppStore|Any CPU = AppStore|Any CPU
		AppStore|ARM = AppStore|ARM
		AppStore|iPhone = AppStore|iPhone
		AppStore|iPhoneSimulator = AppStore|iPhoneSimulator
		AppStore|x64 = AppStore|x64
		AppStore|x86 = AppStore|x86
		Debug|Any CPU = Debug|Any CPU
		Debug|ARM = Debug|ARM
		Debug|iPhone = Debug|iPhone
		Debug|iPhoneSimulator = Debug|iPhoneSimulator
		Debug|x64 = Debug|x64
		Debug|x86 = Debug|x86
		Release|Any CPU = Release|Any CPU
		Release|ARM = Release|ARM
		Release|iPhone = Release|iPhone
		Release|iPhoneSimulator = Release|iPhoneSimulator
		Release|x64 = Release|x64
		Release|x86 = Release|x86
	EndGlobalSection
	GlobalSection(ProjectConfigurationPlatforms) = postSolution
		{71182A94-1F38-4BF5-A49D-34A22E138BE5}.Ad-Hoc|Any CPU.ActiveCfg = Release|Any CPU
		{71182A94-1F38-4BF5-A49D-34A22E138BE5}.Ad-Hoc|Any CPU.Build.0 = Release|Any CPU
		{71182A94-1F38-4BF5-A49D-34A22E138BE5}.Ad-Hoc|Any CPU.Deploy.0 = Release|Any CPU
		{71182A94-1F38-4BF5-A49D-34A22E138BE5}.Ad-Hoc|ARM.ActiveCfg = Release|Any CPU
		{71182A94-1F38-4BF5-A49D-34A22E138BE5}.Ad-Hoc|ARM.Build.0 = Release|Any CPU
		{71182A94-1F38-4BF5-A49D-34A22E138BE5}.Ad-Hoc|ARM.Deploy.0 = Release|Any CPU
		{71182A94-1F38-4BF5-A49D-34A22E138BE5}.Ad-Hoc|iPhone.ActiveCfg = Release|Any CPU
		{71182A94-1F38-4BF5-A49D-34A22E138BE5}.Ad-Hoc|iPhone.Build.0 = Release|Any CPU
		{71182A94-1F38-4BF5-A49D-34A22E138BE5}.Ad-Hoc|iPhone.Deploy.0 = Release|Any CPU
		{71182A94-1F38-4BF5-A49D-34A22E138BE5}.Ad-Hoc|iPhoneSimulator.ActiveCfg = Release|Any CPU
		{71182A94-1F38-4BF5-A49D-34A22E138BE5}.Ad-Hoc|iPhoneSimulator.Build.0 = Release|Any CPU
		{71182A94-1F38-4BF5-A49D-34A22E138BE5}.Ad-Hoc|iPhoneSimulator.Deploy.0 = Release|Any CPU
		{71182A94-1F38-4BF5-A49D-34A22E138BE5}.Ad-Hoc|x64.ActiveCfg = Release|Any CPU
		{71182A94-1F38-4BF5-A49D-34A22E138BE5}.Ad-Hoc|x64.Build.0 = Release|Any CPU
		{71182A94-1F38-4BF5-A49D-34A22E138BE5}.Ad-Hoc|x64.Deploy.0 = Release|Any CPU
		{71182A94-1F38-4BF5-A49D-34A22E138BE5}.Ad-Hoc|x86.ActiveCfg = Release|Any CPU
		{71182A94-1F38-4BF5-A49D-34A22E138BE5}.Ad-Hoc|x86.Build.0 = Release|Any CPU
		{71182A94-1F38-4BF5-A49D-34A22E138BE5}.Ad-Hoc|x86.Deploy.0 = Release|Any CPU
		{71182A94-1F38-4BF5-A49D-34A22E138BE5}.AppStore|Any CPU.ActiveCfg = Release|Any CPU
		{71182A94-1F38-4BF5-A49D-34A22E138BE5}.AppStore|Any CPU.Build.0 = Release|Any CPU
		{71182A94-1F38-4BF5-A49D-34A22E138BE5}.AppStore|Any CPU.Deploy.0 = Release|Any CPU
		{71182A94-1F38-4BF5-A49D-34A22E138BE5}.AppStore|ARM.ActiveCfg = Release|Any CPU
		{71182A94-1F38-4BF5-A49D-34A22E138BE5}.AppStore|ARM.Build.0 = Release|Any CPU
		{71182A94-1F38-4BF5-A49D-34A22E138BE5}.AppStore|ARM.Deploy.0 = Release|Any CPU
		{71182A94-1F38-4BF5-A49D-34A22E138BE5}.AppStore|iPhone.ActiveCfg = Release|Any CPU
		{71182A94-1F38-4BF5-A49D-34A22E138BE5}.AppStore|iPhone.Build.0 = Release|Any CPU
		{71182A94-1F38-4BF5-A49D-34A22E138BE5}.AppStore|iPhone.Deploy.0 = Release|Any CPU
		{71182A94-1F38-4BF5-A49D-34A22E138BE5}.AppStore|iPhoneSimulator.ActiveCfg = Release|Any CPU
		{71182A94-1F38-4BF5-A49D-34A22E138BE5}.AppStore|iPhoneSimulator.Build.0 = Release|Any CPU
		{71182A94-1F38-4BF5-A49D-34A22E138BE5}.AppStore|iPhoneSimulator.Deploy.0 = Release|Any CPU
		{71182A94-1F38-4BF5-A49D-34A22E138BE5}.AppStore|x64.ActiveCfg = Release|Any CPU
		{71182A94-1F38-4BF5-A49D-34A22E138BE5}.AppStore|x64.Build.0 = Release|Any CPU
		{71182A94-1F38-4BF5-A49D-34A22E138BE5}.AppStore|x64.Deploy.0 = Release|Any CPU
		{71182A94-1F38-4BF5-A49D-34A22E138BE5}.AppStore|x86.ActiveCfg = Release|Any CPU
		{71182A94-1F38-4BF5-A49D-34A22E138BE5}.AppStore|x86.Build.0 = Release|Any CPU
		{71182A94-1F38-4BF5-A49D-34A22E138BE5}.AppStore|x86.Deploy.0 = Release|Any CPU
		{71182A94-1F38-4BF5-A49D-34A22E138BE5}.Debug|Any CPU.ActiveCfg = Debug|Any CPU
		{71182A94-1F38-4BF5-A49D-34A22E138BE5}.Debug|Any CPU.Build.0 = Debug|Any CPU
		{71182A94-1F38-4BF5-A49D-34A22E138BE5}.Debug|Any CPU.Deploy.0 = Debug|Any CPU
		{71182A94-1F38-4BF5-A49D-34A22E138BE5}.Debug|ARM.ActiveCfg = Debug|Any CPU
		{71182A94-1F38-4BF5-A49D-34A22E138BE5}.Debug|ARM.Build.0 = Debug|Any CPU
		{71182A94-1F38-4BF5-A49D-34A22E138BE5}.Debug|ARM.Deploy.0 = Debug|Any CPU
		{71182A94-1F38-4BF5-A49D-34A22E138BE5}.Debug|iPhone.ActiveCfg = Debug|Any CPU
		{71182A94-1F38-4BF5-A49D-34A22E138BE5}.Debug|iPhone.Build.0 = Debug|Any CPU
		{71182A94-1F38-4BF5-A49D-34A22E138BE5}.Debug|iPhone.Deploy.0 = Debug|Any CPU
		{71182A94-1F38-4BF5-A49D-34A22E138BE5}.Debug|iPhoneSimulator.ActiveCfg = Debug|Any CPU
		{71182A94-1F38-4BF5-A49D-34A22E138BE5}.Debug|iPhoneSimulator.Build.0 = Debug|Any CPU
		{71182A94-1F38-4BF5-A49D-34A22E138BE5}.Debug|iPhoneSimulator.Deploy.0 = Debug|Any CPU
		{71182A94-1F38-4BF5-A49D-34A22E138BE5}.Debug|x64.ActiveCfg = Debug|Any CPU
		{71182A94-1F38-4BF5-A49D-34A22E138BE5}.Debug|x64.Build.0 = Debug|Any CPU
		{71182A94-1F38-4BF5-A49D-34A22E138BE5}.Debug|x64.Deploy.0 = Debug|Any CPU
		{71182A94-1F38-4BF5-A49D-34A22E138BE5}.Debug|x86.ActiveCfg = Debug|Any CPU
		{71182A94-1F38-4BF5-A49D-34A22E138BE5}.Debug|x86.Build.0 = Debug|Any CPU
		{71182A94-1F38-4BF5-A49D-34A22E138BE5}.Debug|x86.Deploy.0 = Debug|Any CPU
		{71182A94-1F38-4BF5-A49D-34A22E138BE5}.Release|Any CPU.ActiveCfg = Release|Any CPU
		{71182A94-1F38-4BF5-A49D-34A22E138BE5}.Release|Any CPU.Build.0 = Release|Any CPU
		{71182A94-1F38-4BF5-A49D-34A22E138BE5}.Release|Any CPU.Deploy.0 = Release|Any CPU
		{71182A94-1F38-4BF5-A49D-34A22E138BE5}.Release|ARM.ActiveCfg = Release|Any CPU
		{71182A94-1F38-4BF5-A49D-34A22E138BE5}.Release|ARM.Build.0 = Release|Any CPU
		{71182A94-1F38-4BF5-A49D-34A22E138BE5}.Release|ARM.Deploy.0 = Release|Any CPU
		{71182A94-1F38-4BF5-A49D-34A22E138BE5}.Release|iPhone.ActiveCfg = Release|Any CPU
		{71182A94-1F38-4BF5-A49D-34A22E138BE5}.Release|iPhone.Build.0 = Release|Any CPU
		{71182A94-1F38-4BF5-A49D-34A22E138BE5}.Release|iPhone.Deploy.0 = Release|Any CPU
		{71182A94-1F38-4BF5-A49D-34A22E138BE5}.Release|iPhoneSimulator.ActiveCfg = Release|Any CPU
		{71182A94-1F38-4BF5-A49D-34A22E138BE5}.Release|iPhoneSimulator.Build.0 = Release|Any CPU
		{71182A94-1F38-4BF5-A49D-34A22E138BE5}.Release|iPhoneSimulator.Deploy.0 = Release|Any CPU
		{71182A94-1F38-4BF5-A49D-34A22E138BE5}.Release|x64.ActiveCfg = Release|Any CPU
		{71182A94-1F38-4BF5-A49D-34A22E138BE5}.Release|x64.Build.0 = Release|Any CPU
		{71182A94-1F38-4BF5-A49D-34A22E138BE5}.Release|x64.Deploy.0 = Release|Any CPU
		{71182A94-1F38-4BF5-A49D-34A22E138BE5}.Release|x86.ActiveCfg = Release|Any CPU
		{71182A94-1F38-4BF5-A49D-34A22E138BE5}.Release|x86.Build.0 = Release|Any CPU
		{71182A94-1F38-4BF5-A49D-34A22E138BE5}.Release|x86.Deploy.0 = Release|Any CPU
		{7C031828-D53E-44C8-8B71-4F0E708B51D5}.Ad-Hoc|Any CPU.ActiveCfg = Ad-Hoc|iPhone
		{7C031828-D53E-44C8-8B71-4F0E708B51D5}.Ad-Hoc|ARM.ActiveCfg = Ad-Hoc|iPhone
		{7C031828-D53E-44C8-8B71-4F0E708B51D5}.Ad-Hoc|iPhone.ActiveCfg = Ad-Hoc|iPhone
		{7C031828-D53E-44C8-8B71-4F0E708B51D5}.Ad-Hoc|iPhone.Build.0 = Ad-Hoc|iPhone
		{7C031828-D53E-44C8-8B71-4F0E708B51D5}.Ad-Hoc|iPhoneSimulator.ActiveCfg = Ad-Hoc|iPhoneSimulator
		{7C031828-D53E-44C8-8B71-4F0E708B51D5}.Ad-Hoc|iPhoneSimulator.Build.0 = Ad-Hoc|iPhoneSimulator
		{7C031828-D53E-44C8-8B71-4F0E708B51D5}.Ad-Hoc|x64.ActiveCfg = Ad-Hoc|iPhone
		{7C031828-D53E-44C8-8B71-4F0E708B51D5}.Ad-Hoc|x86.ActiveCfg = Ad-Hoc|iPhone
		{7C031828-D53E-44C8-8B71-4F0E708B51D5}.AppStore|Any CPU.ActiveCfg = AppStore|iPhone
		{7C031828-D53E-44C8-8B71-4F0E708B51D5}.AppStore|ARM.ActiveCfg = AppStore|iPhone
		{7C031828-D53E-44C8-8B71-4F0E708B51D5}.AppStore|iPhone.ActiveCfg = AppStore|iPhone
		{7C031828-D53E-44C8-8B71-4F0E708B51D5}.AppStore|iPhone.Build.0 = AppStore|iPhone
		{7C031828-D53E-44C8-8B71-4F0E708B51D5}.AppStore|iPhoneSimulator.ActiveCfg = AppStore|iPhoneSimulator
		{7C031828-D53E-44C8-8B71-4F0E708B51D5}.AppStore|iPhoneSimulator.Build.0 = AppStore|iPhoneSimulator
		{7C031828-D53E-44C8-8B71-4F0E708B51D5}.AppStore|x64.ActiveCfg = AppStore|iPhone
		{7C031828-D53E-44C8-8B71-4F0E708B51D5}.AppStore|x86.ActiveCfg = AppStore|iPhone
		{7C031828-D53E-44C8-8B71-4F0E708B51D5}.Debug|Any CPU.ActiveCfg = Debug|iPhone
		{7C031828-D53E-44C8-8B71-4F0E708B51D5}.Debug|ARM.ActiveCfg = Debug|iPhone
		{7C031828-D53E-44C8-8B71-4F0E708B51D5}.Debug|iPhone.ActiveCfg = Debug|iPhone
		{7C031828-D53E-44C8-8B71-4F0E708B51D5}.Debug|iPhone.Build.0 = Debug|iPhone
		{7C031828-D53E-44C8-8B71-4F0E708B51D5}.Debug|iPhoneSimulator.ActiveCfg = Debug|iPhoneSimulator
		{7C031828-D53E-44C8-8B71-4F0E708B51D5}.Debug|iPhoneSimulator.Build.0 = Debug|iPhoneSimulator
		{7C031828-D53E-44C8-8B71-4F0E708B51D5}.Debug|x64.ActiveCfg = Debug|iPhone
		{7C031828-D53E-44C8-8B71-4F0E708B51D5}.Debug|x86.ActiveCfg = Debug|iPhone
		{7C031828-D53E-44C8-8B71-4F0E708B51D5}.Release|Any CPU.ActiveCfg = Release|iPhone
		{7C031828-D53E-44C8-8B71-4F0E708B51D5}.Release|ARM.ActiveCfg = Release|iPhone
		{7C031828-D53E-44C8-8B71-4F0E708B51D5}.Release|iPhone.ActiveCfg = Release|iPhone
		{7C031828-D53E-44C8-8B71-4F0E708B51D5}.Release|iPhone.Build.0 = Release|iPhone
		{7C031828-D53E-44C8-8B71-4F0E708B51D5}.Release|iPhoneSimulator.ActiveCfg = Release|iPhoneSimulator
		{7C031828-D53E-44C8-8B71-4F0E708B51D5}.Release|iPhoneSimulator.Build.0 = Release|iPhoneSimulator
		{7C031828-D53E-44C8-8B71-4F0E708B51D5}.Release|x64.ActiveCfg = Release|iPhone
		{7C031828-D53E-44C8-8B71-4F0E708B51D5}.Release|x86.ActiveCfg = Release|iPhone
		{FC9B18F7-2744-4068-8539-19BED85A8598}.Ad-Hoc|Any CPU.ActiveCfg = Release|Any CPU
		{FC9B18F7-2744-4068-8539-19BED85A8598}.Ad-Hoc|Any CPU.Build.0 = Release|Any CPU
		{FC9B18F7-2744-4068-8539-19BED85A8598}.Ad-Hoc|Any CPU.Deploy.0 = Release|Any CPU
		{FC9B18F7-2744-4068-8539-19BED85A8598}.Ad-Hoc|ARM.ActiveCfg = Release|ARM
		{FC9B18F7-2744-4068-8539-19BED85A8598}.Ad-Hoc|ARM.Build.0 = Release|ARM
		{FC9B18F7-2744-4068-8539-19BED85A8598}.Ad-Hoc|ARM.Deploy.0 = Release|ARM
		{FC9B18F7-2744-4068-8539-19BED85A8598}.Ad-Hoc|iPhone.ActiveCfg = Release|Any CPU
		{FC9B18F7-2744-4068-8539-19BED85A8598}.Ad-Hoc|iPhone.Build.0 = Release|Any CPU
		{FC9B18F7-2744-4068-8539-19BED85A8598}.Ad-Hoc|iPhone.Deploy.0 = Release|Any CPU
		{FC9B18F7-2744-4068-8539-19BED85A8598}.Ad-Hoc|iPhoneSimulator.ActiveCfg = Release|Any CPU
		{FC9B18F7-2744-4068-8539-19BED85A8598}.Ad-Hoc|iPhoneSimulator.Build.0 = Release|Any CPU
		{FC9B18F7-2744-4068-8539-19BED85A8598}.Ad-Hoc|iPhoneSimulator.Deploy.0 = Release|Any CPU
		{FC9B18F7-2744-4068-8539-19BED85A8598}.Ad-Hoc|x64.ActiveCfg = Release|Any CPU
		{FC9B18F7-2744-4068-8539-19BED85A8598}.Ad-Hoc|x64.Build.0 = Release|Any CPU
		{FC9B18F7-2744-4068-8539-19BED85A8598}.Ad-Hoc|x64.Deploy.0 = Release|Any CPU
		{FC9B18F7-2744-4068-8539-19BED85A8598}.Ad-Hoc|x86.ActiveCfg = Release|x86
		{FC9B18F7-2744-4068-8539-19BED85A8598}.Ad-Hoc|x86.Build.0 = Release|x86
		{FC9B18F7-2744-4068-8539-19BED85A8598}.Ad-Hoc|x86.Deploy.0 = Release|x86
		{FC9B18F7-2744-4068-8539-19BED85A8598}.AppStore|Any CPU.ActiveCfg = Release|Any CPU
		{FC9B18F7-2744-4068-8539-19BED85A8598}.AppStore|Any CPU.Build.0 = Release|Any CPU
		{FC9B18F7-2744-4068-8539-19BED85A8598}.AppStore|Any CPU.Deploy.0 = Release|Any CPU
		{FC9B18F7-2744-4068-8539-19BED85A8598}.AppStore|ARM.ActiveCfg = Release|ARM
		{FC9B18F7-2744-4068-8539-19BED85A8598}.AppStore|ARM.Build.0 = Release|ARM
		{FC9B18F7-2744-4068-8539-19BED85A8598}.AppStore|ARM.Deploy.0 = Release|ARM
		{FC9B18F7-2744-4068-8539-19BED85A8598}.AppStore|iPhone.ActiveCfg = Release|Any CPU
		{FC9B18F7-2744-4068-8539-19BED85A8598}.AppStore|iPhone.Build.0 = Release|Any CPU
		{FC9B18F7-2744-4068-8539-19BED85A8598}.AppStore|iPhone.Deploy.0 = Release|Any CPU
		{FC9B18F7-2744-4068-8539-19BED85A8598}.AppStore|iPhoneSimulator.ActiveCfg = Release|Any CPU
		{FC9B18F7-2744-4068-8539-19BED85A8598}.AppStore|iPhoneSimulator.Build.0 = Release|Any CPU
		{FC9B18F7-2744-4068-8539-19BED85A8598}.AppStore|iPhoneSimulator.Deploy.0 = Release|Any CPU
		{FC9B18F7-2744-4068-8539-19BED85A8598}.AppStore|x64.ActiveCfg = Release|Any CPU
		{FC9B18F7-2744-4068-8539-19BED85A8598}.AppStore|x64.Build.0 = Release|Any CPU
		{FC9B18F7-2744-4068-8539-19BED85A8598}.AppStore|x64.Deploy.0 = Release|Any CPU
		{FC9B18F7-2744-4068-8539-19BED85A8598}.AppStore|x86.ActiveCfg = Release|x86
		{FC9B18F7-2744-4068-8539-19BED85A8598}.AppStore|x86.Build.0 = Release|x86
		{FC9B18F7-2744-4068-8539-19BED85A8598}.AppStore|x86.Deploy.0 = Release|x86
		{FC9B18F7-2744-4068-8539-19BED85A8598}.Debug|Any CPU.ActiveCfg = Debug|Any CPU
		{FC9B18F7-2744-4068-8539-19BED85A8598}.Debug|Any CPU.Build.0 = Debug|Any CPU
		{FC9B18F7-2744-4068-8539-19BED85A8598}.Debug|Any CPU.Deploy.0 = Debug|Any CPU
		{FC9B18F7-2744-4068-8539-19BED85A8598}.Debug|ARM.ActiveCfg = Debug|ARM
		{FC9B18F7-2744-4068-8539-19BED85A8598}.Debug|ARM.Build.0 = Debug|ARM
		{FC9B18F7-2744-4068-8539-19BED85A8598}.Debug|ARM.Deploy.0 = Debug|ARM
		{FC9B18F7-2744-4068-8539-19BED85A8598}.Debug|iPhone.ActiveCfg = Debug|Any CPU
		{FC9B18F7-2744-4068-8539-19BED85A8598}.Debug|iPhone.Build.0 = Debug|Any CPU
		{FC9B18F7-2744-4068-8539-19BED85A8598}.Debug|iPhone.Deploy.0 = Debug|Any CPU
		{FC9B18F7-2744-4068-8539-19BED85A8598}.Debug|iPhoneSimulator.ActiveCfg = Debug|Any CPU
		{FC9B18F7-2744-4068-8539-19BED85A8598}.Debug|iPhoneSimulator.Build.0 = Debug|Any CPU
		{FC9B18F7-2744-4068-8539-19BED85A8598}.Debug|iPhoneSimulator.Deploy.0 = Debug|Any CPU
		{FC9B18F7-2744-4068-8539-19BED85A8598}.Debug|x64.ActiveCfg = Debug|Any CPU
		{FC9B18F7-2744-4068-8539-19BED85A8598}.Debug|x64.Build.0 = Debug|Any CPU
		{FC9B18F7-2744-4068-8539-19BED85A8598}.Debug|x64.Deploy.0 = Debug|Any CPU
		{FC9B18F7-2744-4068-8539-19BED85A8598}.Debug|x86.ActiveCfg = Debug|x86
		{FC9B18F7-2744-4068-8539-19BED85A8598}.Debug|x86.Build.0 = Debug|x86
		{FC9B18F7-2744-4068-8539-19BED85A8598}.Debug|x86.Deploy.0 = Debug|x86
		{FC9B18F7-2744-4068-8539-19BED85A8598}.Release|Any CPU.ActiveCfg = Release|Any CPU
		{FC9B18F7-2744-4068-8539-19BED85A8598}.Release|Any CPU.Build.0 = Release|Any CPU
		{FC9B18F7-2744-4068-8539-19BED85A8598}.Release|Any CPU.Deploy.0 = Release|Any CPU
		{FC9B18F7-2744-4068-8539-19BED85A8598}.Release|ARM.ActiveCfg = Release|ARM
		{FC9B18F7-2744-4068-8539-19BED85A8598}.Release|ARM.Build.0 = Release|ARM
		{FC9B18F7-2744-4068-8539-19BED85A8598}.Release|ARM.Deploy.0 = Release|ARM
		{FC9B18F7-2744-4068-8539-19BED85A8598}.Release|iPhone.ActiveCfg = Release|Any CPU
		{FC9B18F7-2744-4068-8539-19BED85A8598}.Release|iPhone.Build.0 = Release|Any CPU
		{FC9B18F7-2744-4068-8539-19BED85A8598}.Release|iPhone.Deploy.0 = Release|Any CPU
		{FC9B18F7-2744-4068-8539-19BED85A8598}.Release|iPhoneSimulator.ActiveCfg = Release|Any CPU
		{FC9B18F7-2744-4068-8539-19BED85A8598}.Release|iPhoneSimulator.Build.0 = Release|Any CPU
		{FC9B18F7-2744-4068-8539-19BED85A8598}.Release|iPhoneSimulator.Deploy.0 = Release|Any CPU
		{FC9B18F7-2744-4068-8539-19BED85A8598}.Release|x64.ActiveCfg = Release|Any CPU
		{FC9B18F7-2744-4068-8539-19BED85A8598}.Release|x64.Build.0 = Release|Any CPU
		{FC9B18F7-2744-4068-8539-19BED85A8598}.Release|x64.Deploy.0 = Release|Any CPU
		{FC9B18F7-2744-4068-8539-19BED85A8598}.Release|x86.ActiveCfg = Release|x86
		{FC9B18F7-2744-4068-8539-19BED85A8598}.Release|x86.Build.0 = Release|x86
		{FC9B18F7-2744-4068-8539-19BED85A8598}.Release|x86.Deploy.0 = Release|x86
		{9CFE1CE9-7C0A-4C28-A9D2-F3F45F13C6B5}.Ad-Hoc|Any CPU.ActiveCfg = Release|Any CPU
		{9CFE1CE9-7C0A-4C28-A9D2-F3F45F13C6B5}.Ad-Hoc|Any CPU.Build.0 = Release|Any CPU
		{9CFE1CE9-7C0A-4C28-A9D2-F3F45F13C6B5}.Ad-Hoc|Any CPU.Deploy.0 = Release|Any CPU
		{9CFE1CE9-7C0A-4C28-A9D2-F3F45F13C6B5}.Ad-Hoc|ARM.ActiveCfg = Release|ARM
		{9CFE1CE9-7C0A-4C28-A9D2-F3F45F13C6B5}.Ad-Hoc|ARM.Build.0 = Release|ARM
		{9CFE1CE9-7C0A-4C28-A9D2-F3F45F13C6B5}.Ad-Hoc|ARM.Deploy.0 = Release|ARM
		{9CFE1CE9-7C0A-4C28-A9D2-F3F45F13C6B5}.Ad-Hoc|iPhone.ActiveCfg = Release|Any CPU
		{9CFE1CE9-7C0A-4C28-A9D2-F3F45F13C6B5}.Ad-Hoc|iPhone.Build.0 = Release|Any CPU
		{9CFE1CE9-7C0A-4C28-A9D2-F3F45F13C6B5}.Ad-Hoc|iPhone.Deploy.0 = Release|Any CPU
		{9CFE1CE9-7C0A-4C28-A9D2-F3F45F13C6B5}.Ad-Hoc|iPhoneSimulator.ActiveCfg = Release|Any CPU
		{9CFE1CE9-7C0A-4C28-A9D2-F3F45F13C6B5}.Ad-Hoc|iPhoneSimulator.Build.0 = Release|Any CPU
		{9CFE1CE9-7C0A-4C28-A9D2-F3F45F13C6B5}.Ad-Hoc|iPhoneSimulator.Deploy.0 = Release|Any CPU
		{9CFE1CE9-7C0A-4C28-A9D2-F3F45F13C6B5}.Ad-Hoc|x64.ActiveCfg = Release|x64
		{9CFE1CE9-7C0A-4C28-A9D2-F3F45F13C6B5}.Ad-Hoc|x64.Build.0 = Release|x64
		{9CFE1CE9-7C0A-4C28-A9D2-F3F45F13C6B5}.Ad-Hoc|x64.Deploy.0 = Release|x64
		{9CFE1CE9-7C0A-4C28-A9D2-F3F45F13C6B5}.Ad-Hoc|x86.ActiveCfg = Release|x86
		{9CFE1CE9-7C0A-4C28-A9D2-F3F45F13C6B5}.Ad-Hoc|x86.Build.0 = Release|x86
		{9CFE1CE9-7C0A-4C28-A9D2-F3F45F13C6B5}.Ad-Hoc|x86.Deploy.0 = Release|x86
		{9CFE1CE9-7C0A-4C28-A9D2-F3F45F13C6B5}.AppStore|Any CPU.ActiveCfg = Release|Any CPU
		{9CFE1CE9-7C0A-4C28-A9D2-F3F45F13C6B5}.AppStore|Any CPU.Build.0 = Release|Any CPU
		{9CFE1CE9-7C0A-4C28-A9D2-F3F45F13C6B5}.AppStore|Any CPU.Deploy.0 = Release|Any CPU
		{9CFE1CE9-7C0A-4C28-A9D2-F3F45F13C6B5}.AppStore|ARM.ActiveCfg = Release|ARM
		{9CFE1CE9-7C0A-4C28-A9D2-F3F45F13C6B5}.AppStore|ARM.Build.0 = Release|ARM
		{9CFE1CE9-7C0A-4C28-A9D2-F3F45F13C6B5}.AppStore|ARM.Deploy.0 = Release|ARM
		{9CFE1CE9-7C0A-4C28-A9D2-F3F45F13C6B5}.AppStore|iPhone.ActiveCfg = Release|Any CPU
		{9CFE1CE9-7C0A-4C28-A9D2-F3F45F13C6B5}.AppStore|iPhone.Build.0 = Release|Any CPU
		{9CFE1CE9-7C0A-4C28-A9D2-F3F45F13C6B5}.AppStore|iPhone.Deploy.0 = Release|Any CPU
		{9CFE1CE9-7C0A-4C28-A9D2-F3F45F13C6B5}.AppStore|iPhoneSimulator.ActiveCfg = Release|Any CPU
		{9CFE1CE9-7C0A-4C28-A9D2-F3F45F13C6B5}.AppStore|iPhoneSimulator.Build.0 = Release|Any CPU
		{9CFE1CE9-7C0A-4C28-A9D2-F3F45F13C6B5}.AppStore|iPhoneSimulator.Deploy.0 = Release|Any CPU
		{9CFE1CE9-7C0A-4C28-A9D2-F3F45F13C6B5}.AppStore|x64.ActiveCfg = Release|x64
		{9CFE1CE9-7C0A-4C28-A9D2-F3F45F13C6B5}.AppStore|x64.Build.0 = Release|x64
		{9CFE1CE9-7C0A-4C28-A9D2-F3F45F13C6B5}.AppStore|x64.Deploy.0 = Release|x64
		{9CFE1CE9-7C0A-4C28-A9D2-F3F45F13C6B5}.AppStore|x86.ActiveCfg = Release|x86
		{9CFE1CE9-7C0A-4C28-A9D2-F3F45F13C6B5}.AppStore|x86.Build.0 = Release|x86
		{9CFE1CE9-7C0A-4C28-A9D2-F3F45F13C6B5}.AppStore|x86.Deploy.0 = Release|x86
		{9CFE1CE9-7C0A-4C28-A9D2-F3F45F13C6B5}.Debug|Any CPU.ActiveCfg = Debug|Any CPU
		{9CFE1CE9-7C0A-4C28-A9D2-F3F45F13C6B5}.Debug|Any CPU.Build.0 = Debug|Any CPU
		{9CFE1CE9-7C0A-4C28-A9D2-F3F45F13C6B5}.Debug|Any CPU.Deploy.0 = Debug|Any CPU
		{9CFE1CE9-7C0A-4C28-A9D2-F3F45F13C6B5}.Debug|ARM.ActiveCfg = Debug|ARM
		{9CFE1CE9-7C0A-4C28-A9D2-F3F45F13C6B5}.Debug|ARM.Build.0 = Debug|ARM
		{9CFE1CE9-7C0A-4C28-A9D2-F3F45F13C6B5}.Debug|ARM.Deploy.0 = Debug|ARM
		{9CFE1CE9-7C0A-4C28-A9D2-F3F45F13C6B5}.Debug|iPhone.ActiveCfg = Debug|Any CPU
		{9CFE1CE9-7C0A-4C28-A9D2-F3F45F13C6B5}.Debug|iPhone.Build.0 = Debug|Any CPU
		{9CFE1CE9-7C0A-4C28-A9D2-F3F45F13C6B5}.Debug|iPhone.Deploy.0 = Debug|Any CPU
		{9CFE1CE9-7C0A-4C28-A9D2-F3F45F13C6B5}.Debug|iPhoneSimulator.ActiveCfg = Debug|Any CPU
		{9CFE1CE9-7C0A-4C28-A9D2-F3F45F13C6B5}.Debug|iPhoneSimulator.Build.0 = Debug|Any CPU
		{9CFE1CE9-7C0A-4C28-A9D2-F3F45F13C6B5}.Debug|iPhoneSimulator.Deploy.0 = Debug|Any CPU
		{9CFE1CE9-7C0A-4C28-A9D2-F3F45F13C6B5}.Debug|x64.ActiveCfg = Debug|x64
		{9CFE1CE9-7C0A-4C28-A9D2-F3F45F13C6B5}.Debug|x64.Build.0 = Debug|x64
		{9CFE1CE9-7C0A-4C28-A9D2-F3F45F13C6B5}.Debug|x64.Deploy.0 = Debug|x64
		{9CFE1CE9-7C0A-4C28-A9D2-F3F45F13C6B5}.Debug|x86.ActiveCfg = Debug|x86
		{9CFE1CE9-7C0A-4C28-A9D2-F3F45F13C6B5}.Debug|x86.Build.0 = Debug|x86
		{9CFE1CE9-7C0A-4C28-A9D2-F3F45F13C6B5}.Debug|x86.Deploy.0 = Debug|x86
		{9CFE1CE9-7C0A-4C28-A9D2-F3F45F13C6B5}.Release|Any CPU.ActiveCfg = Release|Any CPU
		{9CFE1CE9-7C0A-4C28-A9D2-F3F45F13C6B5}.Release|Any CPU.Build.0 = Release|Any CPU
		{9CFE1CE9-7C0A-4C28-A9D2-F3F45F13C6B5}.Release|Any CPU.Deploy.0 = Release|Any CPU
		{9CFE1CE9-7C0A-4C28-A9D2-F3F45F13C6B5}.Release|ARM.ActiveCfg = Release|ARM
		{9CFE1CE9-7C0A-4C28-A9D2-F3F45F13C6B5}.Release|ARM.Build.0 = Release|ARM
		{9CFE1CE9-7C0A-4C28-A9D2-F3F45F13C6B5}.Release|ARM.Deploy.0 = Release|ARM
		{9CFE1CE9-7C0A-4C28-A9D2-F3F45F13C6B5}.Release|iPhone.ActiveCfg = Release|Any CPU
		{9CFE1CE9-7C0A-4C28-A9D2-F3F45F13C6B5}.Release|iPhone.Build.0 = Release|Any CPU
		{9CFE1CE9-7C0A-4C28-A9D2-F3F45F13C6B5}.Release|iPhone.Deploy.0 = Release|Any CPU
		{9CFE1CE9-7C0A-4C28-A9D2-F3F45F13C6B5}.Release|iPhoneSimulator.ActiveCfg = Release|Any CPU
		{9CFE1CE9-7C0A-4C28-A9D2-F3F45F13C6B5}.Release|iPhoneSimulator.Build.0 = Release|Any CPU
		{9CFE1CE9-7C0A-4C28-A9D2-F3F45F13C6B5}.Release|iPhoneSimulator.Deploy.0 = Release|Any CPU
		{9CFE1CE9-7C0A-4C28-A9D2-F3F45F13C6B5}.Release|x64.ActiveCfg = Release|x64
		{9CFE1CE9-7C0A-4C28-A9D2-F3F45F13C6B5}.Release|x64.Build.0 = Release|x64
		{9CFE1CE9-7C0A-4C28-A9D2-F3F45F13C6B5}.Release|x64.Deploy.0 = Release|x64
		{9CFE1CE9-7C0A-4C28-A9D2-F3F45F13C6B5}.Release|x86.ActiveCfg = Release|x86
		{9CFE1CE9-7C0A-4C28-A9D2-F3F45F13C6B5}.Release|x86.Build.0 = Release|x86
		{9CFE1CE9-7C0A-4C28-A9D2-F3F45F13C6B5}.Release|x86.Deploy.0 = Release|x86
		{BD4DF5B0-9FBA-447C-80AB-E333915046D1}.Ad-Hoc|Any CPU.ActiveCfg = Release|Any CPU
		{BD4DF5B0-9FBA-447C-80AB-E333915046D1}.Ad-Hoc|Any CPU.Build.0 = Release|Any CPU
		{BD4DF5B0-9FBA-447C-80AB-E333915046D1}.Ad-Hoc|ARM.ActiveCfg = Release|Any CPU
		{BD4DF5B0-9FBA-447C-80AB-E333915046D1}.Ad-Hoc|ARM.Build.0 = Release|Any CPU
		{BD4DF5B0-9FBA-447C-80AB-E333915046D1}.Ad-Hoc|iPhone.ActiveCfg = Release|Any CPU
		{BD4DF5B0-9FBA-447C-80AB-E333915046D1}.Ad-Hoc|iPhone.Build.0 = Release|Any CPU
		{BD4DF5B0-9FBA-447C-80AB-E333915046D1}.Ad-Hoc|iPhoneSimulator.ActiveCfg = Release|Any CPU
		{BD4DF5B0-9FBA-447C-80AB-E333915046D1}.Ad-Hoc|iPhoneSimulator.Build.0 = Release|Any CPU
		{BD4DF5B0-9FBA-447C-80AB-E333915046D1}.Ad-Hoc|x64.ActiveCfg = Release|Any CPU
		{BD4DF5B0-9FBA-447C-80AB-E333915046D1}.Ad-Hoc|x64.Build.0 = Release|Any CPU
		{BD4DF5B0-9FBA-447C-80AB-E333915046D1}.Ad-Hoc|x86.ActiveCfg = Release|Any CPU
		{BD4DF5B0-9FBA-447C-80AB-E333915046D1}.Ad-Hoc|x86.Build.0 = Release|Any CPU
		{BD4DF5B0-9FBA-447C-80AB-E333915046D1}.AppStore|Any CPU.ActiveCfg = Release|Any CPU
		{BD4DF5B0-9FBA-447C-80AB-E333915046D1}.AppStore|Any CPU.Build.0 = Release|Any CPU
		{BD4DF5B0-9FBA-447C-80AB-E333915046D1}.AppStore|ARM.ActiveCfg = Release|Any CPU
		{BD4DF5B0-9FBA-447C-80AB-E333915046D1}.AppStore|ARM.Build.0 = Release|Any CPU
		{BD4DF5B0-9FBA-447C-80AB-E333915046D1}.AppStore|iPhone.ActiveCfg = Release|Any CPU
		{BD4DF5B0-9FBA-447C-80AB-E333915046D1}.AppStore|iPhone.Build.0 = Release|Any CPU
		{BD4DF5B0-9FBA-447C-80AB-E333915046D1}.AppStore|iPhoneSimulator.ActiveCfg = Release|Any CPU
		{BD4DF5B0-9FBA-447C-80AB-E333915046D1}.AppStore|iPhoneSimulator.Build.0 = Release|Any CPU
		{BD4DF5B0-9FBA-447C-80AB-E333915046D1}.AppStore|x64.ActiveCfg = Release|Any CPU
		{BD4DF5B0-9FBA-447C-80AB-E333915046D1}.AppStore|x64.Build.0 = Release|Any CPU
		{BD4DF5B0-9FBA-447C-80AB-E333915046D1}.AppStore|x86.ActiveCfg = Release|Any CPU
		{BD4DF5B0-9FBA-447C-80AB-E333915046D1}.AppStore|x86.Build.0 = Release|Any CPU
		{BD4DF5B0-9FBA-447C-80AB-E333915046D1}.Debug|Any CPU.ActiveCfg = Debug|Any CPU
		{BD4DF5B0-9FBA-447C-80AB-E333915046D1}.Debug|Any CPU.Build.0 = Debug|Any CPU
		{BD4DF5B0-9FBA-447C-80AB-E333915046D1}.Debug|ARM.ActiveCfg = Debug|Any CPU
		{BD4DF5B0-9FBA-447C-80AB-E333915046D1}.Debug|ARM.Build.0 = Debug|Any CPU
		{BD4DF5B0-9FBA-447C-80AB-E333915046D1}.Debug|iPhone.ActiveCfg = Debug|Any CPU
		{BD4DF5B0-9FBA-447C-80AB-E333915046D1}.Debug|iPhone.Build.0 = Debug|Any CPU
		{BD4DF5B0-9FBA-447C-80AB-E333915046D1}.Debug|iPhoneSimulator.ActiveCfg = Debug|Any CPU
		{BD4DF5B0-9FBA-447C-80AB-E333915046D1}.Debug|iPhoneSimulator.Build.0 = Debug|Any CPU
		{BD4DF5B0-9FBA-447C-80AB-E333915046D1}.Debug|x64.ActiveCfg = Debug|Any CPU
		{BD4DF5B0-9FBA-447C-80AB-E333915046D1}.Debug|x64.Build.0 = Debug|Any CPU
		{BD4DF5B0-9FBA-447C-80AB-E333915046D1}.Debug|x86.ActiveCfg = Debug|Any CPU
		{BD4DF5B0-9FBA-447C-80AB-E333915046D1}.Debug|x86.Build.0 = Debug|Any CPU
		{BD4DF5B0-9FBA-447C-80AB-E333915046D1}.Release|Any CPU.ActiveCfg = Release|Any CPU
		{BD4DF5B0-9FBA-447C-80AB-E333915046D1}.Release|Any CPU.Build.0 = Release|Any CPU
		{BD4DF5B0-9FBA-447C-80AB-E333915046D1}.Release|ARM.ActiveCfg = Release|Any CPU
		{BD4DF5B0-9FBA-447C-80AB-E333915046D1}.Release|ARM.Build.0 = Release|Any CPU
		{BD4DF5B0-9FBA-447C-80AB-E333915046D1}.Release|iPhone.ActiveCfg = Release|Any CPU
		{BD4DF5B0-9FBA-447C-80AB-E333915046D1}.Release|iPhone.Build.0 = Release|Any CPU
		{BD4DF5B0-9FBA-447C-80AB-E333915046D1}.Release|iPhoneSimulator.ActiveCfg = Release|Any CPU
		{BD4DF5B0-9FBA-447C-80AB-E333915046D1}.Release|iPhoneSimulator.Build.0 = Release|Any CPU
		{BD4DF5B0-9FBA-447C-80AB-E333915046D1}.Release|x64.ActiveCfg = Release|Any CPU
		{BD4DF5B0-9FBA-447C-80AB-E333915046D1}.Release|x64.Build.0 = Release|Any CPU
		{BD4DF5B0-9FBA-447C-80AB-E333915046D1}.Release|x86.ActiveCfg = Release|Any CPU
		{BD4DF5B0-9FBA-447C-80AB-E333915046D1}.Release|x86.Build.0 = Release|Any CPU
	EndGlobalSection
	GlobalSection(SolutionProperties) = preSolution
		HideSolutionNode = FALSE
	EndGlobalSection
EndGlobal
